
Microsoft Visual Studio Solution File, Format Version 12.00
# Visual Studio Version 16
VisualStudioVersion = 16.0.29503.13
MinimumVisualStudioVersion = 10.0.40219.1
Project("{F184B08F-C81C-45F6-A57F-5ABD9991F28F}") = "AULA 5", "AULA 5\AULA 5.vbproj", "{BDE6BEAB-6B89-421A-BF11-2E6EE6B37C64}"
EndProject
Global
	GlobalSection(SolutionConfigurationPlatforms) = preSolution
		Debug|Any CPU = Debug|Any CPU
		Release|Any CPU = Release|Any CPU
	EndGlobalSection
	GlobalSection(ProjectConfigurationPlatforms) = postSolution
		{BDE6BEAB-6B89-421A-BF11-2E6EE6B37C64}.Debug|Any CPU.ActiveCfg = Debug|Any CPU
		{BDE6BEAB-6B89-421A-BF11-2E6EE6B37C64}.Debug|Any CPU.Build.0 = Debug|Any CPU
		{BDE6BEAB-6B89-421A-BF11-2E6EE6B37C64}.Release|Any CPU.ActiveCfg = Release|Any CPU
		{BDE6BEAB-6B89-421A-BF11-2E6EE6B37C64}.Release|Any CPU.Build.0 = Release|Any CPU
	EndGlobalSection
	GlobalSection(SolutionProperties) = preSolution
		HideSolutionNode = FALSE
	EndGlobalSection
	GlobalSection(ExtensibilityGlobals) = postSolution
		SolutionGuid = {0643B8DC-F0DF-47FA-8240-0E9F831B7F79}
	EndGlobalSection
EndGlobal
